
Microsoft Visual Studio Solution File, Format Version 12.00
# Visual Studio Version 17
VisualStudioVersion = 17.11.35219.272
MinimumVisualStudioVersion = 10.0.40219.1
Project("{9A19103F-16F7-4668-BE54-9A1E7A4F7556}") = "DMS", "DMS.csproj", "{1C995E0C-00F0-43E0-AC05-1BDB7CEF1154}"
EndProject
Global
	GlobalSection(SolutionConfigurationPlatforms) = preSolution
		Debug|Any CPU = Debug|Any CPU
		Release|Any CPU = Release|Any CPU
	EndGlobalSection
	GlobalSection(ProjectConfigurationPlatforms) = postSolution
		{1C995E0C-00F0-43E0-AC05-1BDB7CEF1154}.Debug|Any CPU.ActiveCfg = Debug|Any CPU
		{1C995E0C-00F0-43E0-AC05-1BDB7CEF1154}.Debug|Any CPU.Build.0 = Debug|Any CPU
		{1C995E0C-00F0-43E0-AC05-1BDB7CEF1154}.Release|Any CPU.ActiveCfg = Release|Any CPU
		{1C995E0C-00F0-43E0-AC05-1BDB7CEF1154}.Release|Any CPU.Build.0 = Release|Any CPU
	EndGlobalSection
	GlobalSection(SolutionProperties) = preSolution
		HideSolutionNode = FALSE
	EndGlobalSection
	GlobalSection(ExtensibilityGlobals) = postSolution
		SolutionGuid = {A491BB96-F04A-4F5F-8012-9D738C645567}
	EndGlobalSection
EndGlobal
